
Microsoft Visual Studio Solution File, Format Version 12.00
# Visual Studio Version 16
VisualStudioVersion = 16.0.30611.23
MinimumVisualStudioVersion = 10.0.40219.1
Project("{8BC9CEB8-8B4A-11D0-8D11-00A0C91BC942}") = "algoStudy", "algoStudy\algoStudy.vcxproj", "{8DD1D0D2-5252-43F0-AEFD-06F0DAA424A7}"
EndProject
Project("{2150E333-8FDC-42A3-9474-1A3956D46DE8}") = "Solution Items", "Solution Items", "{722E5238-31ED-427C-9708-1D87A615DCE5}"
	ProjectSection(SolutionItems) = preProject
		..\README.md = ..\README.md
	EndProjectSection
EndProject
Global
	GlobalSection(SolutionConfigurationPlatforms) = preSolution
		Debug|x64 = Debug|x64
		Debug|x86 = Debug|x86
		Release|x64 = Release|x64
		Release|x86 = Release|x86
	EndGlobalSection
	GlobalSection(ProjectConfigurationPlatforms) = postSolution
		{8DD1D0D2-5252-43F0-AEFD-06F0DAA424A7}.Debug|x64.ActiveCfg = Debug|x64
		{8DD1D0D2-5252-43F0-AEFD-06F0DAA424A7}.Debug|x64.Build.0 = Debug|x64
		{8DD1D0D2-5252-43F0-AEFD-06F0DAA424A7}.Debug|x86.ActiveCfg = Debug|Win32
		{8DD1D0D2-5252-43F0-AEFD-06F0DAA424A7}.Debug|x86.Build.0 = Debug|Win32
		{8DD1D0D2-5252-43F0-AEFD-06F0DAA424A7}.Release|x64.ActiveCfg = Release|x64
		{8DD1D0D2-5252-43F0-AEFD-06F0DAA424A7}.Release|x64.Build.0 = Release|x64
		{8DD1D0D2-5252-43F0-AEFD-06F0DAA424A7}.Release|x86.ActiveCfg = Release|Win32
		{8DD1D0D2-5252-43F0-AEFD-06F0DAA424A7}.Release|x86.Build.0 = Release|Win32
	EndGlobalSection
	GlobalSection(SolutionProperties) = preSolution
		HideSolutionNode = FALSE
	EndGlobalSection
	GlobalSection(ExtensibilityGlobals) = postSolution
		SolutionGuid = {FC248F5A-E137-4CDD-AEC3-27F687C5CB57}
	EndGlobalSection
EndGlobal
